
Microsoft Visual Studio Solution File, Format Version 12.00
# Visual Studio 14
VisualStudioVersion = 14.0.25420.1
MinimumVisualStudioVersion = 10.0.40219.1
Project("{E24C65DC-7377-472B-9ABA-BC803B73C61A}") = "FrontEnd", "..\FrontEnd\", "{3739C0C1-B8A6-4CBF-9C63-145258E6017A}"
	ProjectSection(WebsiteProperties) = preProject
		TargetFrameworkMoniker = ".NETFramework,Version%3Dv4.5.2"
		Debug.AspNetCompiler.VirtualPath = "/localhost_61996"
		Debug.AspNetCompiler.PhysicalPath = "..\FrontEnd\"
		Debug.AspNetCompiler.TargetPath = "PrecompiledWeb\localhost_61996\"
		Debug.AspNetCompiler.Updateable = "true"
		Debug.AspNetCompiler.ForceOverwrite = "true"
		Debug.AspNetCompiler.FixedNames = "false"
		Debug.AspNetCompiler.Debug = "True"
		Release.AspNetCompiler.VirtualPath = "/localhost_61996"
		Release.AspNetCompiler.PhysicalPath = "..\FrontEnd\"
		Release.AspNetCompiler.TargetPath = "PrecompiledWeb\localhost_61996\"
		Release.AspNetCompiler.Updateable = "true"
		Release.AspNetCompiler.ForceOverwrite = "true"
		Release.AspNetCompiler.FixedNames = "false"
		Release.AspNetCompiler.Debug = "False"
		VWDPort = "61996"
		SlnRelativePath = "..\FrontEnd\"
		DefaultWebSiteLanguage = "Visual C#"
	EndProjectSection
EndProject
Project("{E24C65DC-7377-472B-9ABA-BC803B73C61A}") = "BackEnd", "..\BackEnd\", "{EC98368B-719B-4A28-A804-4583F5A0F39F}"
	ProjectSection(WebsiteProperties) = preProject
		TargetFrameworkMoniker = ".NETFramework,Version%3Dv4.5.2"
		Debug.AspNetCompiler.VirtualPath = "/localhost_61998"
		Debug.AspNetCompiler.PhysicalPath = "..\BackEnd\"
		Debug.AspNetCompiler.TargetPath = "PrecompiledWeb\localhost_61998\"
		Debug.AspNetCompiler.Updateable = "true"
		Debug.AspNetCompiler.ForceOverwrite = "true"
		Debug.AspNetCompiler.FixedNames = "false"
		Debug.AspNetCompiler.Debug = "True"
		Release.AspNetCompiler.VirtualPath = "/localhost_61998"
		Release.AspNetCompiler.PhysicalPath = "..\BackEnd\"
		Release.AspNetCompiler.TargetPath = "PrecompiledWeb\localhost_61998\"
		Release.AspNetCompiler.Updateable = "true"
		Release.AspNetCompiler.ForceOverwrite = "true"
		Release.AspNetCompiler.FixedNames = "false"
		Release.AspNetCompiler.Debug = "False"
		VWDPort = "61998"
		SlnRelativePath = "..\BackEnd\"
		DefaultWebSiteLanguage = "Visual C#"
	EndProjectSection
EndProject
Global
	GlobalSection(SolutionConfigurationPlatforms) = preSolution
		Debug|Any CPU = Debug|Any CPU
	EndGlobalSection
	GlobalSection(ProjectConfigurationPlatforms) = postSolution
		{3739C0C1-B8A6-4CBF-9C63-145258E6017A}.Debug|Any CPU.ActiveCfg = Debug|Any CPU
		{3739C0C1-B8A6-4CBF-9C63-145258E6017A}.Debug|Any CPU.Build.0 = Debug|Any CPU
		{EC98368B-719B-4A28-A804-4583F5A0F39F}.Debug|Any CPU.ActiveCfg = Debug|Any CPU
		{EC98368B-719B-4A28-A804-4583F5A0F39F}.Debug|Any CPU.Build.0 = Debug|Any CPU
	EndGlobalSection
	GlobalSection(SolutionProperties) = preSolution
		HideSolutionNode = FALSE
	EndGlobalSection
EndGlobal
